
Microsoft Visual Studio Solution File, Format Version 12.00
# Visual Studio 15
VisualStudioVersion = 15.0.27703.2018
MinimumVisualStudioVersion = 10.0.40219.1
Project("{FAE04EC0-301F-11D3-BF4B-00C04F79EFBC}") = "Waterverbruik", "Waterverbruik\Waterverbruik.csproj", "{84D20745-C1B8-4DE9-AB9E-74EF5A59E312}"
EndProject
Global
	GlobalSection(SolutionConfigurationPlatforms) = preSolution
		Debug|Any CPU = Debug|Any CPU
		Release|Any CPU = Release|Any CPU
	EndGlobalSection
	GlobalSection(ProjectConfigurationPlatforms) = postSolution
		{84D20745-C1B8-4DE9-AB9E-74EF5A59E312}.Debug|Any CPU.ActiveCfg = Debug|Any CPU
		{84D20745-C1B8-4DE9-AB9E-74EF5A59E312}.Debug|Any CPU.Build.0 = Debug|Any CPU
		{84D20745-C1B8-4DE9-AB9E-74EF5A59E312}.Release|Any CPU.ActiveCfg = Release|Any CPU
		{84D20745-C1B8-4DE9-AB9E-74EF5A59E312}.Release|Any CPU.Build.0 = Release|Any CPU
	EndGlobalSection
	GlobalSection(SolutionProperties) = preSolution
		HideSolutionNode = FALSE
	EndGlobalSection
	GlobalSection(ExtensibilityGlobals) = postSolution
		SolutionGuid = {5F8CC25E-728B-4854-889C-35D793B00516}
	EndGlobalSection
EndGlobal
