
Microsoft Visual Studio Solution File, Format Version 12.00
# Visual Studio 15
VisualStudioVersion = 15.0.27703.2018
MinimumVisualStudioVersion = 10.0.40219.1
Project("{FAE04EC0-301F-11D3-BF4B-00C04F79EFBC}") = "Morse code", "Morse code\Morse code.csproj", "{E3E826A2-B446-4991-AB3C-9FF3F49D0AFA}"
EndProject
Global
	GlobalSection(SolutionConfigurationPlatforms) = preSolution
		Debug|Any CPU = Debug|Any CPU
		Release|Any CPU = Release|Any CPU
	EndGlobalSection
	GlobalSection(ProjectConfigurationPlatforms) = postSolution
		{E3E826A2-B446-4991-AB3C-9FF3F49D0AFA}.Debug|Any CPU.ActiveCfg = Debug|Any CPU
		{E3E826A2-B446-4991-AB3C-9FF3F49D0AFA}.Debug|Any CPU.Build.0 = Debug|Any CPU
		{E3E826A2-B446-4991-AB3C-9FF3F49D0AFA}.Release|Any CPU.ActiveCfg = Release|Any CPU
		{E3E826A2-B446-4991-AB3C-9FF3F49D0AFA}.Release|Any CPU.Build.0 = Release|Any CPU
	EndGlobalSection
	GlobalSection(SolutionProperties) = preSolution
		HideSolutionNode = FALSE
	EndGlobalSection
	GlobalSection(ExtensibilityGlobals) = postSolution
		SolutionGuid = {5A426BAB-9305-48BB-A940-15DD6E8AC0B3}
	EndGlobalSection
EndGlobal
