
Microsoft Visual Studio Solution File, Format Version 12.00
# Visual Studio 15
VisualStudioVersion = 15.0.27703.2018
MinimumVisualStudioVersion = 10.0.40219.1
Project("{FAE04EC0-301F-11D3-BF4B-00C04F79EFBC}") = "Autoverhuur", "Autoverhuur\Autoverhuur.csproj", "{07B6D279-61EF-4927-984C-CF828E8ADFF3}"
EndProject
Global
	GlobalSection(SolutionConfigurationPlatforms) = preSolution
		Debug|Any CPU = Debug|Any CPU
		Release|Any CPU = Release|Any CPU
	EndGlobalSection
	GlobalSection(ProjectConfigurationPlatforms) = postSolution
		{07B6D279-61EF-4927-984C-CF828E8ADFF3}.Debug|Any CPU.ActiveCfg = Debug|Any CPU
		{07B6D279-61EF-4927-984C-CF828E8ADFF3}.Debug|Any CPU.Build.0 = Debug|Any CPU
		{07B6D279-61EF-4927-984C-CF828E8ADFF3}.Release|Any CPU.ActiveCfg = Release|Any CPU
		{07B6D279-61EF-4927-984C-CF828E8ADFF3}.Release|Any CPU.Build.0 = Release|Any CPU
	EndGlobalSection
	GlobalSection(SolutionProperties) = preSolution
		HideSolutionNode = FALSE
	EndGlobalSection
	GlobalSection(ExtensibilityGlobals) = postSolution
		SolutionGuid = {EB46670E-96D5-4364-AF34-235D6C08713B}
	EndGlobalSection
EndGlobal
