
Microsoft Visual Studio Solution File, Format Version 12.00
# Visual Studio 15
VisualStudioVersion = 15.0.27703.2018
MinimumVisualStudioVersion = 10.0.40219.1
Project("{FAE04EC0-301F-11D3-BF4B-00C04F79EFBC}") = "Ontsleutelen", "Ontsleutelen\Ontsleutelen.csproj", "{A80D24E0-206C-4AE3-B606-0353B22663BF}"
EndProject
Global
	GlobalSection(SolutionConfigurationPlatforms) = preSolution
		Debug|Any CPU = Debug|Any CPU
		Release|Any CPU = Release|Any CPU
	EndGlobalSection
	GlobalSection(ProjectConfigurationPlatforms) = postSolution
		{A80D24E0-206C-4AE3-B606-0353B22663BF}.Debug|Any CPU.ActiveCfg = Debug|Any CPU
		{A80D24E0-206C-4AE3-B606-0353B22663BF}.Debug|Any CPU.Build.0 = Debug|Any CPU
		{A80D24E0-206C-4AE3-B606-0353B22663BF}.Release|Any CPU.ActiveCfg = Release|Any CPU
		{A80D24E0-206C-4AE3-B606-0353B22663BF}.Release|Any CPU.Build.0 = Release|Any CPU
	EndGlobalSection
	GlobalSection(SolutionProperties) = preSolution
		HideSolutionNode = FALSE
	EndGlobalSection
	GlobalSection(ExtensibilityGlobals) = postSolution
		SolutionGuid = {EAFBF963-C801-4E09-ACB8-A5C34230C0A5}
	EndGlobalSection
EndGlobal
